// !$*UTF8*$!
{
	archiveVersion = 1;
	classes = {
	};
	objectVersion = 55;
	objects = {

/* Begin PBXBuildFile section */
		AC3052A82779D8830094A82C /* DataProvider.swift in Sources */ = {isa = PBXBuildFile; fileRef = AC3052A72779D8830094A82C /* DataProvider.swift */; };
		AC37EEB12779CF3F0007955B /* DetailViewController.swift in Sources */ = {isa = PBXBuildFile; fileRef = AC37EEB02779CF3F0007955B /* DetailViewController.swift */; };
		AC5C252B2778AE590040F685 /* AppDelegate.swift in Sources */ = {isa = PBXBuildFile; fileRef = AC5C252A2778AE590040F685 /* AppDelegate.swift */; };
		AC5C252D2778AE590040F685 /* SceneDelegate.swift in Sources */ = {isa = PBXBuildFile; fileRef = AC5C252C2778AE590040F685 /* SceneDelegate.swift */; };
		AC5C252F2778AE590040F685 /* ViewController.swift in Sources */ = {isa = PBXBuildFile; fileRef = AC5C252E2778AE590040F685 /* ViewController.swift */; };
		AC5C25352778AE590040F685 /* SellCars.xcdatamodeld in Sources */ = {isa = PBXBuildFile; fileRef = AC5C25332778AE590040F685 /* SellCars.xcdatamodeld */; };
		AC5C25372778AE5A0040F685 /* Assets.xcassets in Resources */ = {isa = PBXBuildFile; fileRef = AC5C25362778AE5A0040F685 /* Assets.xcassets */; };
		AC5C253A2778AE5A0040F685 /* LaunchScreen.storyboard in Resources */ = {isa = PBXBuildFile; fileRef = AC5C25382778AE5A0040F685 /* LaunchScreen.storyboard */; };
		AC5C25462778B3220040F685 /* Network.swift in Sources */ = {isa = PBXBuildFile; fileRef = AC5C25452778B3220040F685 /* Network.swift */; };
		AC5C25482778C04D0040F685 /* Car.swift in Sources */ = {isa = PBXBuildFile; fileRef = AC5C25472778C04D0040F685 /* Car.swift */; };
		AC5C254A277904E40040F685 /* Cars.swift in Sources */ = {isa = PBXBuildFile; fileRef = AC5C2549277904E40040F685 /* Cars.swift */; };
		AC5C254C277910AA0040F685 /* CollectionViewCell.swift in Sources */ = {isa = PBXBuildFile; fileRef = AC5C254B277910AA0040F685 /* CollectionViewCell.swift */; };
/* End PBXBuildFile section */

/* Begin PBXFileReference section */
		AC3052A72779D8830094A82C /* DataProvider.swift */ = {isa = PBXFileReference; lastKnownFileType = sourcecode.swift; path = DataProvider.swift; sourceTree = "<group>"; };
		AC37EEB02779CF3F0007955B /* DetailViewController.swift */ = {isa = PBXFileReference; lastKnownFileType = sourcecode.swift; path = DetailViewController.swift; sourceTree = "<group>"; };
		AC5C25272778AE590040F685 /* SellCars.app */ = {isa = PBXFileReference; explicitFileType = wrapper.application; includeInIndex = 0; path = SellCars.app; sourceTree = BUILT_PRODUCTS_DIR; };
		AC5C252A2778AE590040F685 /* AppDelegate.swift */ = {isa = PBXFileReference; lastKnownFileType = sourcecode.swift; path = AppDelegate.swift; sourceTree = "<group>"; };
		AC5C252C2778AE590040F685 /* SceneDelegate.swift */ = {isa = PBXFileReference; lastKnownFileType = sourcecode.swift; path = SceneDelegate.swift; sourceTree = "<group>"; };
		AC5C252E2778AE590040F685 /* ViewController.swift */ = {isa = PBXFileReference; lastKnownFileType = sourcecode.swift; path = ViewController.swift; sourceTree = "<group>"; };
		AC5C25342778AE590040F685 /* SellCars.xcdatamodel */ = {isa = PBXFileReference; lastKnownFileType = wrapper.xcdatamodel; path = SellCars.xcdatamodel; sourceTree = "<group>"; };
		AC5C25362778AE5A0040F685 /* Assets.xcassets */ = {isa = PBXFileReference; lastKnownFileType = folder.assetcatalog; path = Assets.xcassets; sourceTree = "<group>"; };
		AC5C25392778AE5A0040F685 /* Base */ = {isa = PBXFileReference; lastKnownFileType = file.storyboard; name = Base; path = Base.lproj/LaunchScreen.storyboard; sourceTree = "<group>"; };
		AC5C253B2778AE5A0040F685 /* Info.plist */ = {isa = PBXFileReference; lastKnownFileType = text.plist.xml; path = Info.plist; sourceTree = "<group>"; };
		AC5C25452778B3220040F685 /* Network.swift */ = {isa = PBXFileReference; lastKnownFileType = sourcecode.swift; path = Network.swift; sourceTree = "<group>"; };
		AC5C25472778C04D0040F685 /* Car.swift */ = {isa = PBXFileReference; lastKnownFileType = sourcecode.swift; path = Car.swift; sourceTree = "<group>"; };
		AC5C2549277904E40040F685 /* Cars.swift */ = {isa = PBXFileReference; lastKnownFileType = sourcecode.swift; path = Cars.swift; sourceTree = "<group>"; };
		AC5C254B277910AA0040F685 /* CollectionViewCell.swift */ = {isa = PBXFileReference; lastKnownFileType = sourcecode.swift; path = CollectionViewCell.swift; sourceTree = "<group>"; };
/* End PBXFileReference section */

/* Begin PBXFrameworksBuildPhase section */
		AC5C25242778AE590040F685 /* Frameworks */ = {
			isa = PBXFrameworksBuildPhase;
			buildActionMask = 2147483647;
			files = (
			);
			runOnlyForDeploymentPostprocessing = 0;
		};
/* End PBXFrameworksBuildPhase section */

/* Begin PBXGroup section */
		AC5C251E2778AE590040F685 = {
			isa = PBXGroup;
			children = (
				AC5C25292778AE590040F685 /* SellCars */,
				AC5C25282778AE590040F685 /* Products */,
			);
			sourceTree = "<group>";
		};
		AC5C25282778AE590040F685 /* Products */ = {
			isa = PBXGroup;
			children = (
				AC5C25272778AE590040F685 /* SellCars.app */,
			);
			name = Products;
			sourceTree = "<group>";
		};
		AC5C25292778AE590040F685 /* SellCars */ = {
			isa = PBXGroup;
			children = (
				AC5C252A2778AE590040F685 /* AppDelegate.swift */,
				AC3052A72779D8830094A82C /* DataProvider.swift */,
				AC5C252C2778AE590040F685 /* SceneDelegate.swift */,
				AC5C25452778B3220040F685 /* Network.swift */,
				AC5C252E2778AE590040F685 /* ViewController.swift */,
				AC5C254B277910AA0040F685 /* CollectionViewCell.swift */,
				AC37EEB02779CF3F0007955B /* DetailViewController.swift */,
				AC5C2549277904E40040F685 /* Cars.swift */,
				AC5C25472778C04D0040F685 /* Car.swift */,
				AC5C25362778AE5A0040F685 /* Assets.xcassets */,
				AC5C25382778AE5A0040F685 /* LaunchScreen.storyboard */,
				AC5C253B2778AE5A0040F685 /* Info.plist */,
				AC5C25332778AE590040F685 /* SellCars.xcdatamodeld */,
			);
			path = SellCars;
			sourceTree = "<group>";
		};
/* End PBXGroup section */

/* Begin PBXNativeTarget section */
		AC5C25262778AE590040F685 /* SellCars */ = {
			isa = PBXNativeTarget;
			buildConfigurationList = AC5C253E2778AE5A0040F685 /* Build configuration list for PBXNativeTarget "SellCars" */;
			buildPhases = (
				AC5C25232778AE590040F685 /* Sources */,
				AC5C25242778AE590040F685 /* Frameworks */,
				AC5C25252778AE590040F685 /* Resources */,
			);
			buildRules = (
			);
			dependencies = (
			);
			name = SellCars;
			productName = SellCars;
			productReference = AC5C25272778AE590040F685 /* SellCars.app */;
			productType = "com.apple.product-type.application";
		};
/* End PBXNativeTarget section */

/* Begin PBXProject section */
		AC5C251F2778AE590040F685 /* Project object */ = {
			isa = PBXProject;
			attributes = {
				BuildIndependentTargetsInParallel = 1;
				LastSwiftUpdateCheck = 1310;
				LastUpgradeCheck = 1310;
				TargetAttributes = {
					AC5C25262778AE590040F685 = {
						CreatedOnToolsVersion = 13.1;
					};
				};
			};
			buildConfigurationList = AC5C25222778AE590040F685 /* Build configuration list for PBXProject "SellCars" */;
			compatibilityVersion = "Xcode 13.0";
			developmentRegion = en;
			hasScannedForEncodings = 0;
			knownRegions = (
				en,
				Base,
			);
			mainGroup = AC5C251E2778AE590040F685;
			productRefGroup = AC5C25282778AE590040F685 /* Products */;
			projectDirPath = "";
			projectRoot = "";
			targets = (
				AC5C25262778AE590040F685 /* SellCars */,
			);
		};
/* End PBXProject section */

/* Begin PBXResourcesBuildPhase section */
		AC5C25252778AE590040F685 /* Resources */ = {
			isa = PBXResourcesBuildPhase;
			buildActionMask = 2147483647;
			files = (
				AC5C253A2778AE5A0040F685 /* LaunchScreen.storyboard in Resources */,
				AC5C25372778AE5A0040F685 /* Assets.xcassets in Resources */,
			);
			runOnlyForDeploymentPostprocessing = 0;
		};
/* End PBXResourcesBuildPhase section */

/* Begin PBXSourcesBuildPhase section */
		AC5C25232778AE590040F685 /* Sources */ = {
			isa = PBXSourcesBuildPhase;
			buildActionMask = 2147483647;
			files = (
				AC37EEB12779CF3F0007955B /* DetailViewController.swift in Sources */,
				AC5C25462778B3220040F685 /* Network.swift in Sources */,
				AC3052A82779D8830094A82C /* DataProvider.swift in Sources */,
				AC5C252F2778AE590040F685 /* ViewController.swift in Sources */,
				AC5C254C277910AA0040F685 /* CollectionViewCell.swift in Sources */,
				AC5C25482778C04D0040F685 /* Car.swift in Sources */,
				AC5C252B2778AE590040F685 /* AppDelegate.swift in Sources */,
				AC5C25352778AE590040F685 /* SellCars.xcdatamodeld in Sources */,
				AC5C252D2778AE590040F685 /* SceneDelegate.swift in Sources */,
				AC5C254A277904E40040F685 /* Cars.swift in Sources */,
			);
			runOnlyForDeploymentPostprocessing = 0;
		};
/* End PBXSourcesBuildPhase section */

/* Begin PBXVariantGroup section */
		AC5C25382778AE5A0040F685 /* LaunchScreen.storyboard */ = {
			isa = PBXVariantGroup;
			children = (
				AC5C25392778AE5A0040F685 /* Base */,
			);
			name = LaunchScreen.storyboard;
			sourceTree = "<group>";
		};
/* End PBXVariantGroup section */

/* Begin XCBuildConfiguration section */
		AC5C253C2778AE5A0040F685 /* Debug */ = {
			isa = XCBuildConfiguration;
			buildSettings = {
				ALWAYS_SEARCH_USER_PATHS = NO;
				CLANG_ANALYZER_NONNULL = YES;
				CLANG_ANALYZER_NUMBER_OBJECT_CONVERSION = YES_AGGRESSIVE;
				CLANG_CXX_LANGUAGE_STANDARD = "gnu++17";
				CLANG_CXX_LIBRARY = "libc++";
				CLANG_ENABLE_MODULES = YES;
				CLANG_ENABLE_OBJC_ARC = YES;
				CLANG_ENABLE_OBJC_WEAK = YES;
				CLANG_WARN_BLOCK_CAPTURE_AUTORELEASING = YES;
				CLANG_WARN_BOOL_CONVERSION = YES;
				CLANG_WARN_COMMA = YES;
				CLANG_WARN_CONSTANT_CONVERSION = YES;
				CLANG_WARN_DEPRECATED_OBJC_IMPLEMENTATIONS = YES;
				CLANG_WARN_DIRECT_OBJC_ISA_USAGE = YES_ERROR;
				CLANG_WARN_DOCUMENTATION_COMMENTS = YES;
				CLANG_WARN_EMPTY_BODY = YES;
				CLANG_WARN_ENUM_CONVERSION = YES;
				CLANG_WARN_INFINITE_RECURSION = YES;
				CLANG_WARN_INT_CONVERSION = YES;
				CLANG_WARN_NON_LITERAL_NULL_CONVERSION = YES;
				CLANG_WARN_OBJC_IMPLICIT_RETAIN_SELF = YES;
				CLANG_WARN_OBJC_LITERAL_CONVERSION = YES;
				CLANG_WARN_OBJC_ROOT_CLASS = YES_ERROR;
				CLANG_WARN_QUOTED_INCLUDE_IN_FRAMEWORK_HEADER = YES;
				CLANG_WARN_RANGE_LOOP_ANALYSIS = YES;
				CLANG_WARN_STRICT_PROTOTYPES = YES;
				CLANG_WARN_SUSPICIOUS_MOVE = YES;
				CLANG_WARN_UNGUARDED_AVAILABILITY = YES_AGGRESSIVE;
				CLANG_WARN_UNREACHABLE_CODE = YES;
				CLANG_WARN__DUPLICATE_METHOD_MATCH = YES;
				COPY_PHASE_STRIP = NO;
				DEBUG_INFORMATION_FORMAT = dwarf;
				ENABLE_STRICT_OBJC_MSGSEND = YES;
				ENABLE_TESTABILITY = YES;
				GCC_C_LANGUAGE_STANDARD = gnu11;
				GCC_DYNAMIC_NO_PIC = NO;
				GCC_NO_COMMON_BLOCKS = YES;
				GCC_OPTIMIZATION_LEVEL = 0;
				GCC_PREPROCESSOR_DEFINITIONS = (
					"DEBUG=1",
					"$(inherited)",
				);
				GCC_WARN_64_TO_32_BIT_CONVERSION = YES;
				GCC_WARN_ABOUT_RETURN_TYPE = YES_ERROR;
				GCC_WARN_UNDECLARED_SELECTOR = YES;
				GCC_WARN_UNINITIALIZED_AUTOS = YES_AGGRESSIVE;
				GCC_WARN_UNUSED_FUNCTION = YES;
				GCC_WARN_UNUSED_VARIABLE = YES;
				IPHONEOS_DEPLOYMENT_TARGET = 15.0;
				MTL_ENABLE_DEBUG_INFO = INCLUDE_SOURCE;
				MTL_FAST_MATH = YES;
				ONLY_ACTIVE_ARCH = YES;
				SDKROOT = iphoneos;
				SWIFT_ACTIVE_COMPILATION_CONDITIONS = DEBUG;
				SWIFT_OPTIMIZATION_LEVEL = "-Onone";
			};
			name = Debug;
		};
		AC5C253D2778AE5A0040F685 /* Release */ = {
			isa = XCBuildConfiguration;
			buildSettings = {
				ALWAYS_SEARCH_USER_PATHS = NO;
				CLANG_ANALYZER_NONNULL = YES;
				CLANG_ANALYZER_NUMBER_OBJECT_CONVERSION = YES_AGGRESSIVE;
				CLANG_CXX_LANGUAGE_STANDARD = "gnu++17";
				CLANG_CXX_LIBRARY = "libc++";
				CLANG_ENABLE_MODULES = YES;
				CLANG_ENABLE_OBJC_ARC = YES;
				CLANG_ENABLE_OBJC_WEAK = YES;
				CLANG_WARN_BLOCK_CAPTURE_AUTORELEASING = YES;
				CLANG_WARN_BOOL_CONVERSION = YES;
				CLANG_WARN_COMMA = YES;
				CLANG_WARN_CONSTANT_CONVERSION = YES;
				CLANG_WARN_DEPRECATED_OBJC_IMPLEMENTATIONS = YES;
				CLANG_WARN_DIRECT_OBJC_ISA_USAGE = YES_ERROR;
				CLANG_WARN_DOCUMENTATION_COMMENTS = YES;
				CLANG_WARN_EMPTY_BODY = YES;
				CLANG_WARN_ENUM_CONVERSION = YES;
				CLANG_WARN_INFINITE_RECURSION = YES;
				CLANG_WARN_INT_CONVERSION = YES;
				CLANG_WARN_NON_LITERAL_NULL_CONVERSION = YES;
				CLANG_WARN_OBJC_IMPLICIT_RETAIN_SELF = YES;
				CLANG_WARN_OBJC_LITERAL_CONVERSION = YES;
				CLANG_WARN_OBJC_ROOT_CLASS = YES_ERROR;
				CLANG_WARN_QUOTED_INCLUDE_IN_FRAMEWORK_HEADER = YES;
				CLANG_WARN_RANGE_LOOP_ANALYSIS = YES;
				CLANG_WARN_STRICT_PROTOTYPES = YES;
				CLANG_WARN_SUSPICIOUS_MOVE = YES;
				CLANG_WARN_UNGUARDED_AVAILABILITY = YES_AGGRESSIVE;
				CLANG_WARN_UNREACHABLE_CODE = YES;
				CLANG_WARN__DUPLICATE_METHOD_MATCH = YES;
				COPY_PHASE_STRIP = NO;
				DEBUG_INFORMATION_FORMAT = "dwarf-with-dsym";
				ENABLE_NS_ASSERTIONS = NO;
				ENABLE_STRICT_OBJC_MSGSEND = YES;
				GCC_C_LANGUAGE_STANDARD = gnu11;
				GCC_NO_COMMON_BLOCKS = YES;
				GCC_WARN_64_TO_32_BIT_CONVERSION = YES;
				GCC_WARN_ABOUT_RETURN_TYPE = YES_ERROR;
				GCC_WARN_UNDECLARED_SELECTOR = YES;
				GCC_WARN_UNINITIALIZED_AUTOS = YES_AGGRESSIVE;
				GCC_WARN_UNUSED_FUNCTION = YES;
				GCC_WARN_UNUSED_VARIABLE = YES;
				IPHONEOS_DEPLOYMENT_TARGET = 15.0;
				MTL_ENABLE_DEBUG_INFO = NO;
				MTL_FAST_MATH = YES;
				SDKROOT = iphoneos;
				SWIFT_COMPILATION_MODE = wholemodule;
				SWIFT_OPTIMIZATION_LEVEL = "-O";
				VALIDATE_PRODUCT = YES;
			};
			name = Release;
		};
		AC5C253F2778AE5A0040F685 /* Debug */ = {
			isa = XCBuildConfiguration;
			buildSettings = {
				ASSETCATALOG_COMPILER_APPICON_NAME = AppIcon;
				ASSETCATALOG_COMPILER_GLOBAL_ACCENT_COLOR_NAME = AccentColor;
				CODE_SIGN_STYLE = Automatic;
				CURRENT_PROJECT_VERSION = 1;
				DEVELOPMENT_TEAM = RWNR5M53QM;
				GENERATE_INFOPLIST_FILE = YES;
				INFOPLIST_FILE = SellCars/Info.plist;
				INFOPLIST_KEY_UIApplicationSupportsIndirectInputEvents = YES;
				INFOPLIST_KEY_UILaunchStoryboardName = LaunchScreen;
				INFOPLIST_KEY_UISupportedInterfaceOrientations = UIInterfaceOrientationPortrait;
				INFOPLIST_KEY_UISupportedInterfaceOrientations_iPad = "UIInterfaceOrientationPortrait UIInterfaceOrientationPortraitUpsideDown UIInterfaceOrientationLandscapeLeft UIInterfaceOrientationLandscapeRight";
				INFOPLIST_KEY_UISupportedInterfaceOrientations_iPhone = "UIInterfaceOrientationPortrait UIInterfaceOrientationLandscapeLeft UIInterfaceOrientationLandscapeRight";
				LD_RUNPATH_SEARCH_PATHS = (
					"$(inherited)",
					"@executable_path/Frameworks",
				);
				MARKETING_VERSION = 1.0;
				PRODUCT_BUNDLE_IDENTIFIER = AS.SellCars;
				PRODUCT_NAME = "$(TARGET_NAME)";
				SWIFT_EMIT_LOC_STRINGS = YES;
				SWIFT_VERSION = 5.0;
				TARGETED_DEVICE_FAMILY = 1;
			};
			name = Debug;
		};
		AC5C25402778AE5A0040F685 /* Release */ = {
			isa = XCBuildConfiguration;
			buildSettings = {
				ASSETCATALOG_COMPILER_APPICON_NAME = AppIcon;
				ASSETCATALOG_COMPILER_GLOBAL_ACCENT_COLOR_NAME = AccentColor;
				CODE_SIGN_STYLE = Automatic;
				CURRENT_PROJECT_VERSION = 1;
				DEVELOPMENT_TEAM = RWNR5M53QM;
				GENERATE_INFOPLIST_FILE = YES;
				INFOPLIST_FILE = SellCars/Info.plist;
				INFOPLIST_KEY_UIApplicationSupportsIndirectInputEvents = YES;
				INFOPLIST_KEY_UILaunchStoryboardName = LaunchScreen;
				INFOPLIST_KEY_UISupportedInterfaceOrientations = UIInterfaceOrientationPortrait;
				INFOPLIST_KEY_UISupportedInterfaceOrientations_iPad = "UIInterfaceOrientationPortrait UIInterfaceOrientationPortraitUpsideDown UIInterfaceOrientationLandscapeLeft UIInterfaceOrientationLandscapeRight";
				INFOPLIST_KEY_UISupportedInterfaceOrientations_iPhone = "UIInterfaceOrientationPortrait UIInterfaceOrientationLandscapeLeft UIInterfaceOrientationLandscapeRight";
				LD_RUNPATH_SEARCH_PATHS = (
					"$(inherited)",
					"@executable_path/Frameworks",
				);
				MARKETING_VERSION = 1.0;
				PRODUCT_BUNDLE_IDENTIFIER = AS.SellCars;
				PRODUCT_NAME = "$(TARGET_NAME)";
				SWIFT_EMIT_LOC_STRINGS = YES;
				SWIFT_VERSION = 5.0;
				TARGETED_DEVICE_FAMILY = 1;
			};
			name = Release;
		};
/* End XCBuildConfiguration section */

/* Begin XCConfigurationList section */
		AC5C25222778AE590040F685 /* Build configuration list for PBXProject "SellCars" */ = {
			isa = XCConfigurationList;
			buildConfigurations = (
				AC5C253C2778AE5A0040F685 /* Debug */,
				AC5C253D2778AE5A0040F685 /* Release */,
			);
			defaultConfigurationIsVisible = 0;
			defaultConfigurationName = Release;
		};
		AC5C253E2778AE5A0040F685 /* Build configuration list for PBXNativeTarget "SellCars" */ = {
			isa = XCConfigurationList;
			buildConfigurations = (
				AC5C253F2778AE5A0040F685 /* Debug */,
				AC5C25402778AE5A0040F685 /* Release */,
			);
			defaultConfigurationIsVisible = 0;
			defaultConfigurationName = Release;
		};
/* End XCConfigurationList section */

/* Begin XCVersionGroup section */
		AC5C25332778AE590040F685 /* SellCars.xcdatamodeld */ = {
			isa = XCVersionGroup;
			children = (
				AC5C25342778AE590040F685 /* SellCars.xcdatamodel */,
			);
			currentVersion = AC5C25342778AE590040F685 /* SellCars.xcdatamodel */;
			path = SellCars.xcdatamodeld;
			sourceTree = "<group>";
			versionGroupType = wrapper.xcdatamodel;
		};
/* End XCVersionGroup section */
	};
	rootObject = AC5C251F2778AE590040F685 /* Project object */;
}
